
Microsoft Visual Studio Solution File, Format Version 12.00
# Visual Studio Version 17
VisualStudioVersion = 17.9.34728.123
MinimumVisualStudioVersion = 10.0.40219.1
Project("{E53339B2-1760-4266-BCC7-CA923CBCF16C}") = "docker-compose", "docker-compose.dcproj", "{1E193BA2-66B2-4F6E-8725-FAC70089093F}"
EndProject
Project("{2150E333-8FDC-42A3-9474-1A3956D46DE8}") = "Middleware", "Middleware", "{585D823E-2C43-4F59-B128-58CBEDD10BD5}"
EndProject
Project("{9A19103F-16F7-4668-BE54-9A1E7A4F7556}") = "Lumbre.Middleware", "Lumbre.Middleware\Lumbre.Middleware.csproj", "{14F6BBAD-A9D6-4E39-9EDC-45D7D6B9E6D6}"
EndProject
Project("{2150E333-8FDC-42A3-9474-1A3956D46DE8}") = "Common", "Common", "{E0113B1A-43B1-4099-A3F9-1D9DA4BCCDEC}"
EndProject
Project("{9A19103F-16F7-4668-BE54-9A1E7A4F7556}") = "Lumbre.Interfaces", "Lumbre.Interfaces\Lumbre.Interfaces.csproj", "{4618630D-232F-465E-9923-5C0498C807A6}"
EndProject
Project("{2150E333-8FDC-42A3-9474-1A3956D46DE8}") = "Persistance", "Persistance", "{77F03320-FCA2-4FCC-B65C-65AF50B8406F}"
EndProject
Project("{9A19103F-16F7-4668-BE54-9A1E7A4F7556}") = "Lumbre.Persistance.Mongodb", "Lumbre.Persistance.Mongodb\Lumbre.Persistance.Mongodb.csproj", "{7B891277-B67B-4444-BB17-B40D20B014DC}"
EndProject
Project("{2150E333-8FDC-42A3-9474-1A3956D46DE8}") = "Misc", "Misc", "{9FE66196-079F-4750-B922-B9A7BBE4E8AC}"
	ProjectSection(SolutionItems) = preProject
		mongo-init\init.js = mongo-init\init.js
	EndProjectSection
EndProject
Project("{2150E333-8FDC-42A3-9474-1A3956D46DE8}") = "Testing", "Testing", "{E43101EA-0ED8-4ED6-A6C9-A46CC3ED0713}"
EndProject
Project("{9A19103F-16F7-4668-BE54-9A1E7A4F7556}") = "Testing", "Testing\Testing.csproj", "{42BA26D8-ED89-4067-8472-EED44847E2CC}"
EndProject
Project("{FAE04EC0-301F-11D3-BF4B-00C04F79EFBC}") = "SampleHost", "SampleHost\SampleHost.csproj", "{EDD899FB-1B52-42E9-AC2B-0AEF760B0320}"
EndProject
Project("{2150E333-8FDC-42A3-9474-1A3956D46DE8}") = "Frontend", "Frontend", "{F1AB753B-B035-4FCB-AF0C-C4D323FACB7E}"
EndProject
Project("{FAE04EC0-301F-11D3-BF4B-00C04F79EFBC}") = "Lumbre.Frontend.Web", "Lumbre.Frontend.Web\Lumbre.Frontend.Web.csproj", "{A6988BFE-01C0-479F-BA4E-333E6C581662}"
EndProject
Global
	GlobalSection(SolutionConfigurationPlatforms) = preSolution
		Debug|Any CPU = Debug|Any CPU
		Release|Any CPU = Release|Any CPU
	EndGlobalSection
	GlobalSection(ProjectConfigurationPlatforms) = postSolution
		{1E193BA2-66B2-4F6E-8725-FAC70089093F}.Debug|Any CPU.ActiveCfg = Debug|Any CPU
		{1E193BA2-66B2-4F6E-8725-FAC70089093F}.Debug|Any CPU.Build.0 = Debug|Any CPU
		{1E193BA2-66B2-4F6E-8725-FAC70089093F}.Release|Any CPU.ActiveCfg = Release|Any CPU
		{1E193BA2-66B2-4F6E-8725-FAC70089093F}.Release|Any CPU.Build.0 = Release|Any CPU
		{14F6BBAD-A9D6-4E39-9EDC-45D7D6B9E6D6}.Debug|Any CPU.ActiveCfg = Debug|Any CPU
		{14F6BBAD-A9D6-4E39-9EDC-45D7D6B9E6D6}.Debug|Any CPU.Build.0 = Debug|Any CPU
		{14F6BBAD-A9D6-4E39-9EDC-45D7D6B9E6D6}.Release|Any CPU.ActiveCfg = Release|Any CPU
		{14F6BBAD-A9D6-4E39-9EDC-45D7D6B9E6D6}.Release|Any CPU.Build.0 = Release|Any CPU
		{4618630D-232F-465E-9923-5C0498C807A6}.Debug|Any CPU.ActiveCfg = Debug|Any CPU
		{4618630D-232F-465E-9923-5C0498C807A6}.Debug|Any CPU.Build.0 = Debug|Any CPU
		{4618630D-232F-465E-9923-5C0498C807A6}.Release|Any CPU.ActiveCfg = Release|Any CPU
		{4618630D-232F-465E-9923-5C0498C807A6}.Release|Any CPU.Build.0 = Release|Any CPU
		{7B891277-B67B-4444-BB17-B40D20B014DC}.Debug|Any CPU.ActiveCfg = Debug|Any CPU
		{7B891277-B67B-4444-BB17-B40D20B014DC}.Debug|Any CPU.Build.0 = Debug|Any CPU
		{7B891277-B67B-4444-BB17-B40D20B014DC}.Release|Any CPU.ActiveCfg = Release|Any CPU
		{7B891277-B67B-4444-BB17-B40D20B014DC}.Release|Any CPU.Build.0 = Release|Any CPU
		{42BA26D8-ED89-4067-8472-EED44847E2CC}.Debug|Any CPU.ActiveCfg = Debug|Any CPU
		{42BA26D8-ED89-4067-8472-EED44847E2CC}.Debug|Any CPU.Build.0 = Debug|Any CPU
		{42BA26D8-ED89-4067-8472-EED44847E2CC}.Release|Any CPU.ActiveCfg = Release|Any CPU
		{42BA26D8-ED89-4067-8472-EED44847E2CC}.Release|Any CPU.Build.0 = Release|Any CPU
		{EDD899FB-1B52-42E9-AC2B-0AEF760B0320}.Debug|Any CPU.ActiveCfg = Debug|Any CPU
		{EDD899FB-1B52-42E9-AC2B-0AEF760B0320}.Debug|Any CPU.Build.0 = Debug|Any CPU
		{EDD899FB-1B52-42E9-AC2B-0AEF760B0320}.Release|Any CPU.ActiveCfg = Release|Any CPU
		{EDD899FB-1B52-42E9-AC2B-0AEF760B0320}.Release|Any CPU.Build.0 = Release|Any CPU
		{A6988BFE-01C0-479F-BA4E-333E6C581662}.Debug|Any CPU.ActiveCfg = Debug|Any CPU
		{A6988BFE-01C0-479F-BA4E-333E6C581662}.Debug|Any CPU.Build.0 = Debug|Any CPU
		{A6988BFE-01C0-479F-BA4E-333E6C581662}.Release|Any CPU.ActiveCfg = Release|Any CPU
		{A6988BFE-01C0-479F-BA4E-333E6C581662}.Release|Any CPU.Build.0 = Release|Any CPU
	EndGlobalSection
	GlobalSection(SolutionProperties) = preSolution
		HideSolutionNode = FALSE
	EndGlobalSection
	GlobalSection(NestedProjects) = preSolution
		{14F6BBAD-A9D6-4E39-9EDC-45D7D6B9E6D6} = {585D823E-2C43-4F59-B128-58CBEDD10BD5}
		{4618630D-232F-465E-9923-5C0498C807A6} = {E0113B1A-43B1-4099-A3F9-1D9DA4BCCDEC}
		{7B891277-B67B-4444-BB17-B40D20B014DC} = {77F03320-FCA2-4FCC-B65C-65AF50B8406F}
		{42BA26D8-ED89-4067-8472-EED44847E2CC} = {E43101EA-0ED8-4ED6-A6C9-A46CC3ED0713}
		{EDD899FB-1B52-42E9-AC2B-0AEF760B0320} = {E43101EA-0ED8-4ED6-A6C9-A46CC3ED0713}
		{A6988BFE-01C0-479F-BA4E-333E6C581662} = {F1AB753B-B035-4FCB-AF0C-C4D323FACB7E}
	EndGlobalSection
	GlobalSection(ExtensibilityGlobals) = postSolution
		SolutionGuid = {91E3F173-ACB4-4489-ABDF-2CA410F78C4E}
	EndGlobalSection
EndGlobal
